lockfileVersion: '9.0'

settings:
  autoInstallPeers: true
  excludeLinksFromLockfile: false

importers:

  .:
    devDependencies:
      pg:
        specifier: ^8.20.0
        version: 8.20.0
      prettier:
        specifier: ^3.3.3
        version: 3.8.3
      turbo:
        specifier: ^2.1.3
        version: 2.9.9

packages:

  '@turbo/darwin-64@2.9.9':
    resolution: {integrity: sha512-hTEiNu2ABZZOO1qbjnKASI8eF3BdOOzU6iKv5w5uGOK65DDMc10cS40N1kqM99YT0uSAGUwNu6GdFctRPeEeVA==}
    cpu: [x64]
    os: [darwin]

  '@turbo/darwin-arm64@2.9.9':
    resolution: {integrity: sha512-MinO40EEcP5mJiTVpfjtEulsEBhVeryfq21QhYtJZ8hQJLHGgy459rcmDVAY8/JERe4dkVU4KW+zoLF22o01EA==}
    cpu: [arm64]
    os: [darwin]

  '@turbo/linux-64@2.9.9':
    resolution: {integrity: sha512-7JNLw88Isk+gMlbsC8pulLDkrqe2B827ZsKFEHilb17AC6Xn/62pzH7afjY7fEU6Ayp4XP/vGhlRWOzqBvBvIQ==}
    cpu: [x64]
    os: [linux]

  '@turbo/linux-arm64@2.9.9':
    resolution: {integrity: sha512-0pnXDwPw1rHii98JZPRg7SvsjIzy7jrhkwGU9Jy5fVYoMdYd3P2vbtLfII+OJ0Mm4Ar5yykdHDTz3RWiRI1o9g==}
    cpu: [arm64]
    os: [linux]

  '@turbo/windows-64@2.9.9':
    resolution: {integrity: sha512-vjDQycz4gQVvIq4n2rPtiiIESwJlAc406qtkiZlqyL+fHZEd9SxYNlBIFYtc5cuMuwrk+sIKrhN7XvwjmvS9YQ==}
    cpu: [x64]
    os: [win32]

  '@turbo/windows-arm64@2.9.9':
    resolution: {integrity: sha512-V6NiH43oCctepbOdQFp7UjqLyK8p6Tt824QA+G4TE+B1BBHu80A0W8OCL+H7uBJ3XZjAj/hvPDw3k3l65DoDGw==}
    cpu: [arm64]
    os: [win32]

  pg-cloudflare@1.3.0:
    resolution: {integrity: sha512-6lswVVSztmHiRtD6I8hw4qP/nDm1EJbKMRhf3HCYaqud7frGysPv7FYJ5noZQdhQtN2xJnimfMtvQq21pdbzyQ==}

  pg-connection-string@2.12.0:
    resolution: {integrity: sha512-U7qg+bpswf3Cs5xLzRqbXbQl85ng0mfSV/J0nnA31MCLgvEaAo7CIhmeyrmJpOr7o+zm0rXK+hNnT5l9RHkCkQ==}

  pg-int8@1.0.1:
    resolution: {integrity: sha512-WCtabS6t3c8SkpDBUlb1kjOs7l66xsGdKpIPZsg4wR+B3+u9UAum2odSsF9tnvxg80h4ZxLWMy4pRjOsFIqQpw==}
    engines: {node: '>=4.0.0'}

  pg-pool@3.13.0:
    resolution: {integrity: sha512-gB+R+Xud1gLFuRD/QgOIgGOBE2KCQPaPwkzBBGC9oG69pHTkhQeIuejVIk3/cnDyX39av2AxomQiyPT13WKHQA==}
    peerDependencies:
      pg: '>=8.0'

  pg-protocol@1.13.0:
    resolution: {integrity: sha512-zzdvXfS6v89r6v7OcFCHfHlyG/wvry1ALxZo4LqgUoy7W9xhBDMaqOuMiF3qEV45VqsN6rdlcehHrfDtlCPc8w==}

  pg-types@2.2.0:
    resolution: {integrity: sha512-qTAAlrEsl8s4OiEQY69wDvcMIdQN6wdz5ojQiOy6YRMuynxenON0O5oCpJI6lshc6scgAY8qvJ2On/p+CXY0GA==}
    engines: {node: '>=4'}

  pg@8.20.0:
    resolution: {integrity: sha512-ldhMxz2r8fl/6QkXnBD3CR9/xg694oT6DZQ2s6c/RI28OjtSOpxnPrUCGOBJ46RCUxcWdx3p6kw/xnDHjKvaRA==}
    engines: {node: '>= 16.0.0'}
    peerDependencies:
      pg-native: '>=3.0.1'
    peerDependenciesMeta:
      pg-native:
        optional: true

  pgpass@1.0.5:
    resolution: {integrity: sha512-FdW9r/jQZhSeohs1Z3sI1yxFQNFvMcnmfuj4WBMUTxOrAyLMaTcE1aAMBiTlbMNaXvBCQuVi0R7hd8udDSP7ug==}

  postgres-array@2.0.0:
    resolution: {integrity: sha512-VpZrUqU5A69eQyW2c5CA1jtLecCsN2U/bD6VilrFDWq5+5UIEVO7nazS3TEcHf1zuPYO/sqGvUvW62g86RXZuA==}
    engines: {node: '>=4'}

  postgres-bytea@1.0.1:
    resolution: {integrity: sha512-5+5HqXnsZPE65IJZSMkZtURARZelel2oXUEO8rH83VS/hxH5vv1uHquPg5wZs8yMAfdv971IU+kcPUczi7NVBQ==}
    engines: {node: '>=0.10.0'}

  postgres-date@1.0.7:
    resolution: {integrity: sha512-suDmjLVQg78nMK2UZ454hAG+OAW+HQPZ6n++TNDUX+L0+uUlLywnoxJKDou51Zm+zTCjrCl0Nq6J9C5hP9vK/Q==}
    engines: {node: '>=0.10.0'}

  postgres-interval@1.2.0:
    resolution: {integrity: sha512-9ZhXKM/rw350N1ovuWHbGxnGh/SNJ4cnxHiM0rxE4VN41wsg8P8zWn9hv/buK00RP4WvlOyr/RBDiptyxVbkZQ==}
    engines: {node: '>=0.10.0'}

  prettier@3.8.3:
    resolution: {integrity: sha512-7igPTM53cGHMW8xWuVTydi2KO233VFiTNyF5hLJqpilHfmn8C8gPf+PS7dUT64YcXFbiMGZxS9pCSxL/Dxm/Jw==}
    engines: {node: '>=14'}
    hasBin: true

  split2@4.2.0:
    resolution: {integrity: sha512-UcjcJOWknrNkF6PLX83qcHM6KHgVKNkV62Y8a5uYDVv9ydGQVwAHMKqHdJje1VTWpljG0WYpCDhrCdAOYH4TWg==}
    engines: {node: '>= 10.x'}

  turbo@2.9.9:
    resolution: {integrity: sha512-3xfzXE/yTjhh0S5dIWlE+3E+J9A09REpLI1ZqVh2+HrNZoVzZn0pkvjiRgVK/Ev3PF9XnaTwCntTx+CADWXcyA==}
    hasBin: true

  xtend@4.0.2:
    resolution: {integrity: sha512-LKYU1iAXJXUgAXn9URjiu+MWhyUXHsvfp7mcuYm9dSUKK0/CjtrUwFAxD82/mCWbtLsGjFIad0wIsod4zrTAEQ==}
    engines: {node: '>=0.4'}

snapshots:

  '@turbo/darwin-64@2.9.9':
    optional: true

  '@turbo/darwin-arm64@2.9.9':
    optional: true

  '@turbo/linux-64@2.9.9':
    optional: true

  '@turbo/linux-arm64@2.9.9':
    optional: true

  '@turbo/windows-64@2.9.9':
    optional: true

  '@turbo/windows-arm64@2.9.9':
    optional: true

  pg-cloudflare@1.3.0:
    optional: true

  pg-connection-string@2.12.0: {}

  pg-int8@1.0.1: {}

  pg-pool@3.13.0(pg@8.20.0):
    dependencies:
      pg: 8.20.0

  pg-protocol@1.13.0: {}

  pg-types@2.2.0:
    dependencies:
      pg-int8: 1.0.1
      postgres-array: 2.0.0
      postgres-bytea: 1.0.1
      postgres-date: 1.0.7
      postgres-interval: 1.2.0

  pg@8.20.0:
    dependencies:
      pg-connection-string: 2.12.0
      pg-pool: 3.13.0(pg@8.20.0)
      pg-protocol: 1.13.0
      pg-types: 2.2.0
      pgpass: 1.0.5
    optionalDependencies:
      pg-cloudflare: 1.3.0

  pgpass@1.0.5:
    dependencies:
      split2: 4.2.0

  postgres-array@2.0.0: {}

  postgres-bytea@1.0.1: {}

  postgres-date@1.0.7: {}

  postgres-interval@1.2.0:
    dependencies:
      xtend: 4.0.2

  prettier@3.8.3: {}

  split2@4.2.0: {}

  turbo@2.9.9:
    optionalDependencies:
      '@turbo/darwin-64': 2.9.9
      '@turbo/darwin-arm64': 2.9.9
      '@turbo/linux-64': 2.9.9
      '@turbo/linux-arm64': 2.9.9
      '@turbo/windows-64': 2.9.9
      '@turbo/windows-arm64': 2.9.9

  xtend@4.0.2: {}
